
Microsoft Visual Studio Solution File, Format Version 12.00
# Visual Studio Version 17
VisualStudioVersion = 17.11.35219.272
MinimumVisualStudioVersion = 10.0.40219.1
Project("{FAE04EC0-301F-11D3-BF4B-00C04F79EFBC}") = "Flashcards.rthring", "Flashcards.rthring\Flashcards.rthring.csproj", "{169B1EA7-F32E-4918-B799-C4249EFC4311}"
EndProject
Global
	GlobalSection(SolutionConfigurationPlatforms) = preSolution
		Debug|Any CPU = Debug|Any CPU
		Release|Any CPU = Release|Any CPU
	EndGlobalSection
	GlobalSection(ProjectConfigurationPlatforms) = postSolution
		{169B1EA7-F32E-4918-B799-C4249EFC4311}.Debug|Any CPU.ActiveCfg = Debug|Any CPU
		{169B1EA7-F32E-4918-B799-C4249EFC4311}.Debug|Any CPU.Build.0 = Debug|Any CPU
		{169B1EA7-F32E-4918-B799-C4249EFC4311}.Release|Any CPU.ActiveCfg = Release|Any CPU
		{169B1EA7-F32E-4918-B799-C4249EFC4311}.Release|Any CPU.Build.0 = Release|Any CPU
	EndGlobalSection
	GlobalSection(SolutionProperties) = preSolution
		HideSolutionNode = FALSE
	EndGlobalSection
	GlobalSection(ExtensibilityGlobals) = postSolution
		SolutionGuid = {3F0A0B82-3607-4CCE-BE41-44FF548DDB94}
	EndGlobalSection
EndGlobal
